
Microsoft Visual Studio Solution File, Format Version 12.00
# Visual Studio 15
VisualStudioVersion = 15.0.27130.2027
MinimumVisualStudioVersion = 10.0.40219.1
Project("{FAE04EC0-301F-11D3-BF4B-00C04F79EFBC}") = "VariasStrings", "VariasStrings\VariasStrings.csproj", "{F9536830-2288-4165-B282-DAA72AF41639}"
EndProject
Project("{FAE04EC0-301F-11D3-BF4B-00C04F79EFBC}") = "Cilindro", "Cilindro\Cilindro.csproj", "{08ABB27C-9FD1-4432-818E-CC50916CE274}"
EndProject
Project("{FAE04EC0-301F-11D3-BF4B-00C04F79EFBC}") = "ValoresEspeciais", "ValoresEspeciais\ValoresEspeciais.csproj", "{1169A8CA-E6D1-4E16-AACC-4882D2C1C35E}"
EndProject
Global
	GlobalSection(SolutionConfigurationPlatforms) = preSolution
		Debug|Any CPU = Debug|Any CPU
		Release|Any CPU = Release|Any CPU
	EndGlobalSection
	GlobalSection(ProjectConfigurationPlatforms) = postSolution
		{F9536830-2288-4165-B282-DAA72AF41639}.Debug|Any CPU.ActiveCfg = Debug|Any CPU
		{F9536830-2288-4165-B282-DAA72AF41639}.Debug|Any CPU.Build.0 = Debug|Any CPU
		{F9536830-2288-4165-B282-DAA72AF41639}.Release|Any CPU.ActiveCfg = Release|Any CPU
		{F9536830-2288-4165-B282-DAA72AF41639}.Release|Any CPU.Build.0 = Release|Any CPU
		{08ABB27C-9FD1-4432-818E-CC50916CE274}.Debug|Any CPU.ActiveCfg = Debug|Any CPU
		{08ABB27C-9FD1-4432-818E-CC50916CE274}.Debug|Any CPU.Build.0 = Debug|Any CPU
		{08ABB27C-9FD1-4432-818E-CC50916CE274}.Release|Any CPU.ActiveCfg = Release|Any CPU
		{08ABB27C-9FD1-4432-818E-CC50916CE274}.Release|Any CPU.Build.0 = Release|Any CPU
		{1169A8CA-E6D1-4E16-AACC-4882D2C1C35E}.Debug|Any CPU.ActiveCfg = Debug|Any CPU
		{1169A8CA-E6D1-4E16-AACC-4882D2C1C35E}.Debug|Any CPU.Build.0 = Debug|Any CPU
		{1169A8CA-E6D1-4E16-AACC-4882D2C1C35E}.Release|Any CPU.ActiveCfg = Release|Any CPU
		{1169A8CA-E6D1-4E16-AACC-4882D2C1C35E}.Release|Any CPU.Build.0 = Release|Any CPU
	EndGlobalSection
	GlobalSection(SolutionProperties) = preSolution
		HideSolutionNode = FALSE
	EndGlobalSection
	GlobalSection(ExtensibilityGlobals) = postSolution
		SolutionGuid = {8221E872-3680-4F15-B295-55EE079771BF}
	EndGlobalSection
EndGlobal
